
Microsoft Visual Studio Solution File, Format Version 12.00
# Visual Studio 15
VisualStudioVersion = 15.0.27130.2024
MinimumVisualStudioVersion = 10.0.40219.1
Project("{9A19103F-16F7-4668-BE54-9A1E7A4F7556}") = "PreformHopper", "PreformHopper\PreformHopper.csproj", "{C8181641-47BD-4567-8BCA-68A818AFA1ED}"
EndProject
Project("{E53339B2-1760-4266-BCC7-CA923CBCF16C}") = "docker-compose", "docker-compose.dcproj", "{BEAF0CC0-C257-4F00-AFD9-A966AADA3CC9}"
EndProject
Project("{FAE04EC0-301F-11D3-BF4B-00C04F79EFBC}") = "Simulation.Core", "Simulation.Core\Simulation.Core.csproj", "{D7A130F4-5F15-4DB3-8C84-A1B30ADB455F}"
EndProject
Project("{FAE04EC0-301F-11D3-BF4B-00C04F79EFBC}") = "Rinser", "Rinser\Rinser.csproj", "{6D81EF27-1B5E-4B7A-940B-4021B47170C8}"
EndProject
Project("{FAE04EC0-301F-11D3-BF4B-00C04F79EFBC}") = "Filler", "Filler\Filler.csproj", "{81E8BB96-0EF2-4777-AC73-7BCA4EAFE3C3}"
EndProject
Global
	GlobalSection(SolutionConfigurationPlatforms) = preSolution
		Debug|Any CPU = Debug|Any CPU
		Release|Any CPU = Release|Any CPU
	EndGlobalSection
	GlobalSection(ProjectConfigurationPlatforms) = postSolution
		{C8181641-47BD-4567-8BCA-68A818AFA1ED}.Debug|Any CPU.ActiveCfg = Debug|Any CPU
		{C8181641-47BD-4567-8BCA-68A818AFA1ED}.Debug|Any CPU.Build.0 = Debug|Any CPU
		{C8181641-47BD-4567-8BCA-68A818AFA1ED}.Release|Any CPU.ActiveCfg = Release|Any CPU
		{C8181641-47BD-4567-8BCA-68A818AFA1ED}.Release|Any CPU.Build.0 = Release|Any CPU
		{BEAF0CC0-C257-4F00-AFD9-A966AADA3CC9}.Debug|Any CPU.ActiveCfg = Debug|Any CPU
		{BEAF0CC0-C257-4F00-AFD9-A966AADA3CC9}.Debug|Any CPU.Build.0 = Debug|Any CPU
		{BEAF0CC0-C257-4F00-AFD9-A966AADA3CC9}.Release|Any CPU.ActiveCfg = Release|Any CPU
		{BEAF0CC0-C257-4F00-AFD9-A966AADA3CC9}.Release|Any CPU.Build.0 = Release|Any CPU
		{D7A130F4-5F15-4DB3-8C84-A1B30ADB455F}.Debug|Any CPU.ActiveCfg = Debug|Any CPU
		{D7A130F4-5F15-4DB3-8C84-A1B30ADB455F}.Debug|Any CPU.Build.0 = Debug|Any CPU
		{D7A130F4-5F15-4DB3-8C84-A1B30ADB455F}.Release|Any CPU.ActiveCfg = Release|Any CPU
		{D7A130F4-5F15-4DB3-8C84-A1B30ADB455F}.Release|Any CPU.Build.0 = Release|Any CPU
		{6D81EF27-1B5E-4B7A-940B-4021B47170C8}.Debug|Any CPU.ActiveCfg = Debug|Any CPU
		{6D81EF27-1B5E-4B7A-940B-4021B47170C8}.Debug|Any CPU.Build.0 = Debug|Any CPU
		{6D81EF27-1B5E-4B7A-940B-4021B47170C8}.Release|Any CPU.ActiveCfg = Release|Any CPU
		{6D81EF27-1B5E-4B7A-940B-4021B47170C8}.Release|Any CPU.Build.0 = Release|Any CPU
		{81E8BB96-0EF2-4777-AC73-7BCA4EAFE3C3}.Debug|Any CPU.ActiveCfg = Debug|Any CPU
		{81E8BB96-0EF2-4777-AC73-7BCA4EAFE3C3}.Debug|Any CPU.Build.0 = Debug|Any CPU
		{81E8BB96-0EF2-4777-AC73-7BCA4EAFE3C3}.Release|Any CPU.ActiveCfg = Release|Any CPU
		{81E8BB96-0EF2-4777-AC73-7BCA4EAFE3C3}.Release|Any CPU.Build.0 = Release|Any CPU
	EndGlobalSection
	GlobalSection(SolutionProperties) = preSolution
		HideSolutionNode = FALSE
	EndGlobalSection
	GlobalSection(ExtensibilityGlobals) = postSolution
		SolutionGuid = {14C8A044-F818-4114-8986-BF9CD451FF49}
	EndGlobalSection
EndGlobal
